
Microsoft Visual Studio Solution File, Format Version 12.00
# Visual Studio Version 16
VisualStudioVersion = 16.0.29519.87
MinimumVisualStudioVersion = 10.0.40219.1
Project("{9A19103F-16F7-4668-BE54-9A1E7A4F7556}") = "DSM.Core", "DSM.Core.csproj", "{80A29DA8-3E82-4587-A4F4-0850382D2BD4}"
EndProject
Global
	GlobalSection(SolutionConfigurationPlatforms) = preSolution
		Debug|Any CPU = Debug|Any CPU
		Release|Any CPU = Release|Any CPU
	EndGlobalSection
	GlobalSection(ProjectConfigurationPlatforms) = postSolution
		{80A29DA8-3E82-4587-A4F4-0850382D2BD4}.Debug|Any CPU.ActiveCfg = Debug|Any CPU
		{80A29DA8-3E82-4587-A4F4-0850382D2BD4}.Debug|Any CPU.Build.0 = Debug|Any CPU
		{80A29DA8-3E82-4587-A4F4-0850382D2BD4}.Release|Any CPU.ActiveCfg = Release|Any CPU
		{80A29DA8-3E82-4587-A4F4-0850382D2BD4}.Release|Any CPU.Build.0 = Release|Any CPU
	EndGlobalSection
	GlobalSection(SolutionProperties) = preSolution
		HideSolutionNode = FALSE
	EndGlobalSection
	GlobalSection(ExtensibilityGlobals) = postSolution
		SolutionGuid = {1058ED89-0FB7-4C5C-A569-EE54B45A499D}
	EndGlobalSection
EndGlobal
